// !$*UTF8*$!
{
	archiveVersion = 1;
	classes = {
	};
	objectVersion = 46;
	objects = {

/* Begin PBXBuildFile section */
		2600255B1DE812790045B638 /* main.m in Sources */ = {isa = PBXBuildFile; fileRef = 2600255A1DE812790045B638 /* main.m */; };
		2600255E1DE812790045B638 /* AppDelegate.m in Sources */ = {isa = PBXBuildFile; fileRef = 2600255D1DE812790045B638 /* AppDelegate.m */; };
		260025611DE812790045B638 /* ViewController.m in Sources */ = {isa = PBXBuildFile; fileRef = 260025601DE812790045B638 /* ViewController.m */; };
		260025641DE812790045B638 /* Main.storyboard in Resources */ = {isa = PBXBuildFile; fileRef = 260025621DE812790045B638 /* Main.storyboard */; };
		260025661DE812790045B638 /* Assets.xcassets in Resources */ = {isa = PBXBuildFile; fileRef = 260025651DE812790045B638 /* Assets.xcassets */; };
		260025691DE812790045B638 /* LaunchScreen.storyboard in Resources */ = {isa = PBXBuildFile; fileRef = 260025671DE812790045B638 /* LaunchScreen.storyboard */; };
		260025741DE812790045B638 /* addSubViewDemoTests.m in Sources */ = {isa = PBXBuildFile; fileRef = 260025731DE812790045B638 /* addSubViewDemoTests.m */; };
		2600257F1DE812790045B638 /* addSubViewDemoUITests.m in Sources */ = {isa = PBXBuildFile; fileRef = 2600257E1DE812790045B638 /* addSubViewDemoUITests.m */; };
		260025911DE816ED0045B638 /* AddSubViewVC.m in Sources */ = {isa = PBXBuildFile; fileRef = 260025901DE816ED0045B638 /* AddSubViewVC.m */; };
		260025941DE81A070045B638 /* AtIndexViewVC.m in Sources */ = {isa = PBXBuildFile; fileRef = 260025931DE81A070045B638 /* AtIndexViewVC.m */; };
		260025971DE81D2C0045B638 /* aboveSubviewVC.m in Sources */ = {isa = PBXBuildFile; fileRef = 260025961DE81D2C0045B638 /* aboveSubviewVC.m */; };
		2600259A1DE81DD10045B638 /* belowSubviewVC.m in Sources */ = {isa = PBXBuildFile; fileRef = 260025991DE81DD10045B638 /* belowSubviewVC.m */; };
/* End PBXBuildFile section */

/* Begin PBXContainerItemProxy section */
		260025701DE812790045B638 /* PBXContainerItemProxy */ = {
			isa = PBXContainerItemProxy;
			containerPortal = 2600254E1DE812790045B638 /* Project object */;
			proxyType = 1;
			remoteGlobalIDString = 260025551DE812790045B638;
			remoteInfo = addSubViewDemo;
		};
		2600257B1DE812790045B638 /* PBXContainerItemProxy */ = {
			isa = PBXContainerItemProxy;
			containerPortal = 2600254E1DE812790045B638 /* Project object */;
			proxyType = 1;
			remoteGlobalIDString = 260025551DE812790045B638;
			remoteInfo = addSubViewDemo;
		};
/* End PBXContainerItemProxy section */

/* Begin PBXFileReference section */
		260025561DE812790045B638 /* addSubViewDemo.app */ = {isa = PBXFileReference; explicitFileType = wrapper.application; includeInIndex = 0; path = addSubViewDemo.app; sourceTree = BUILT_PRODUCTS_DIR; };
		2600255A1DE812790045B638 /* main.m */ = {isa = PBXFileReference; lastKnownFileType = sourcecode.c.objc; path = main.m; sourceTree = "<group>"; };
		2600255C1DE812790045B638 /* AppDelegate.h */ = {isa = PBXFileReference; lastKnownFileType = sourcecode.c.h; path = AppDelegate.h; sourceTree = "<group>"; };
		2600255D1DE812790045B638 /* AppDelegate.m */ = {isa = PBXFileReference; lastKnownFileType = sourcecode.c.objc; path = AppDelegate.m; sourceTree = "<group>"; };
		2600255F1DE812790045B638 /* ViewController.h */ = {isa = PBXFileReference; lastKnownFileType = sourcecode.c.h; path = ViewController.h; sourceTree = "<group>"; };
		260025601DE812790045B638 /* ViewController.m */ = {isa = PBXFileReference; lastKnownFileType = sourcecode.c.objc; path = ViewController.m; sourceTree = "<group>"; };
		260025631DE812790045B638 /* Base */ = {isa = PBXFileReference; lastKnownFileType = file.storyboard; name = Base; path = Base.lproj/Main.storyboard; sourceTree = "<group>"; };
		260025651DE812790045B638 /* Assets.xcassets */ = {isa = PBXFileReference; lastKnownFileType = folder.assetcatalog; path = Assets.xcassets; sourceTree = "<group>"; };
		260025681DE812790045B638 /* Base */ = {isa = PBXFileReference; lastKnownFileType = file.storyboard; name = Base; path = Base.lproj/LaunchScreen.storyboard; sourceTree = "<group>"; };
		2600256A1DE812790045B638 /* Info.plist */ = {isa = PBXFileReference; lastKnownFileType = text.plist.xml; path = Info.plist; sourceTree = "<group>"; };
		2600256F1DE812790045B638 /* addSubViewDemoTests.xctest */ = {isa = PBXFileReference; explicitFileType = wrapper.cfbundle; includeInIndex = 0; path = addSubViewDemoTests.xctest; sourceTree = BUILT_PRODUCTS_DIR; };
		260025731DE812790045B638 /* addSubViewDemoTests.m */ = {isa = PBXFileReference; lastKnownFileType = sourcecode.c.objc; path = addSubViewDemoTests.m; sourceTree = "<group>"; };
		260025751DE812790045B638 /* Info.plist */ = {isa = PBXFileReference; lastKnownFileType = text.plist.xml; path = Info.plist; sourceTree = "<group>"; };
		2600257A1DE812790045B638 /* addSubViewDemoUITests.xctest */ = {isa = PBXFileReference; explicitFileType = wrapper.cfbundle; includeInIndex = 0; path = addSubViewDemoUITests.xctest; sourceTree = BUILT_PRODUCTS_DIR; };
		2600257E1DE812790045B638 /* addSubViewDemoUITests.m */ = {isa = PBXFileReference; lastKnownFileType = sourcecode.c.objc; path = addSubViewDemoUITests.m; sourceTree = "<group>"; };
		260025801DE812790045B638 /* Info.plist */ = {isa = PBXFileReference; lastKnownFileType = text.plist.xml; path = Info.plist; sourceTree = "<group>"; };
		2600258F1DE816ED0045B638 /* AddSubViewVC.h */ = {isa = PBXFileReference; fileEncoding = 4; lastKnownFileType = sourcecode.c.h; path = AddSubViewVC.h; sourceTree = "<group>"; };
		260025901DE816ED0045B638 /* AddSubViewVC.m */ = {isa = PBXFileReference; fileEncoding = 4; lastKnownFileType = sourcecode.c.objc; path = AddSubViewVC.m; sourceTree = "<group>"; };
		260025921DE81A070045B638 /* AtIndexViewVC.h */ = {isa = PBXFileReference; fileEncoding = 4; lastKnownFileType = sourcecode.c.h; path = AtIndexViewVC.h; sourceTree = "<group>"; };
		260025931DE81A070045B638 /* AtIndexViewVC.m */ = {isa = PBXFileReference; fileEncoding = 4; lastKnownFileType = sourcecode.c.objc; path = AtIndexViewVC.m; sourceTree = "<group>"; };
		260025951DE81D2C0045B638 /* aboveSubviewVC.h */ = {isa = PBXFileReference; fileEncoding = 4; lastKnownFileType = sourcecode.c.h; path = aboveSubviewVC.h; sourceTree = "<group>"; };
		260025961DE81D2C0045B638 /* aboveSubviewVC.m */ = {isa = PBXFileReference; fileEncoding = 4; lastKnownFileType = sourcecode.c.objc; path = aboveSubviewVC.m; sourceTree = "<group>"; };
		260025981DE81DD10045B638 /* belowSubviewVC.h */ = {isa = PBXFileReference; fileEncoding = 4; lastKnownFileType = sourcecode.c.h; path = belowSubviewVC.h; sourceTree = "<group>"; };
		260025991DE81DD10045B638 /* belowSubviewVC.m */ = {isa = PBXFileReference; fileEncoding = 4; lastKnownFileType = sourcecode.c.objc; path = belowSubviewVC.m; sourceTree = "<group>"; };
/* End PBXFileReference section */

/* Begin PBXFrameworksBuildPhase section */
		260025531DE812790045B638 /* Frameworks */ = {
			isa = PBXFrameworksBuildPhase;
			buildActionMask = 2147483647;
			files = (
			);
			runOnlyForDeploymentPostprocessing = 0;
		};
		2600256C1DE812790045B638 /* Frameworks */ = {
			isa = PBXFrameworksBuildPhase;
			buildActionMask = 2147483647;
			files = (
			);
			runOnlyForDeploymentPostprocessing = 0;
		};
		260025771DE812790045B638 /* Frameworks */ = {
			isa = PBXFrameworksBuildPhase;
			buildActionMask = 2147483647;
			files = (
			);
			runOnlyForDeploymentPostprocessing = 0;
		};
/* End PBXFrameworksBuildPhase section */

/* Begin PBXGroup section */
		2600254D1DE812790045B638 = {
			isa = PBXGroup;
			children = (
				260025981DE81DD10045B638 /* belowSubviewVC.h */,
				260025991DE81DD10045B638 /* belowSubviewVC.m */,
				260025951DE81D2C0045B638 /* aboveSubviewVC.h */,
				260025961DE81D2C0045B638 /* aboveSubviewVC.m */,
				260025921DE81A070045B638 /* AtIndexViewVC.h */,
				260025931DE81A070045B638 /* AtIndexViewVC.m */,
				2600258F1DE816ED0045B638 /* AddSubViewVC.h */,
				260025901DE816ED0045B638 /* AddSubViewVC.m */,
				260025581DE812790045B638 /* addSubViewDemo */,
				260025721DE812790045B638 /* addSubViewDemoTests */,
				2600257D1DE812790045B638 /* addSubViewDemoUITests */,
				260025571DE812790045B638 /* Products */,
			);
			sourceTree = "<group>";
		};
		260025571DE812790045B638 /* Products */ = {
			isa = PBXGroup;
			children = (
				260025561DE812790045B638 /* addSubViewDemo.app */,
				2600256F1DE812790045B638 /* addSubViewDemoTests.xctest */,
				2600257A1DE812790045B638 /* addSubViewDemoUITests.xctest */,
			);
			name = Products;
			sourceTree = "<group>";
		};
		260025581DE812790045B638 /* addSubViewDemo */ = {
			isa = PBXGroup;
			children = (
				2600255C1DE812790045B638 /* AppDelegate.h */,
				2600255D1DE812790045B638 /* AppDelegate.m */,
				2600255F1DE812790045B638 /* ViewController.h */,
				260025601DE812790045B638 /* ViewController.m */,
				260025621DE812790045B638 /* Main.storyboard */,
				260025651DE812790045B638 /* Assets.xcassets */,
				260025671DE812790045B638 /* LaunchScreen.storyboard */,
				2600256A1DE812790045B638 /* Info.plist */,
				260025591DE812790045B638 /* Supporting Files */,
			);
			path = addSubViewDemo;
			sourceTree = "<group>";
		};
		260025591DE812790045B638 /* Supporting Files */ = {
			isa = PBXGroup;
			children = (
				2600255A1DE812790045B638 /* main.m */,
			);
			name = "Supporting Files";
			sourceTree = "<group>";
		};
		260025721DE812790045B638 /* addSubViewDemoTests */ = {
			isa = PBXGroup;
			children = (
				260025731DE812790045B638 /* addSubViewDemoTests.m */,
				260025751DE812790045B638 /* Info.plist */,
			);
			path = addSubViewDemoTests;
			sourceTree = "<group>";
		};
		2600257D1DE812790045B638 /* addSubViewDemoUITests */ = {
			isa = PBXGroup;
			children = (
				2600257E1DE812790045B638 /* addSubViewDemoUITests.m */,
				260025801DE812790045B638 /* Info.plist */,
			);
			path = addSubViewDemoUITests;
			sourceTree = "<group>";
		};
/* End PBXGroup section */

/* Begin PBXNativeTarget section */
		260025551DE812790045B638 /* addSubViewDemo */ = {
			isa = PBXNativeTarget;
			buildConfigurationList = 260025831DE812790045B638 /* Build configuration list for PBXNativeTarget "addSubViewDemo" */;
			buildPhases = (
				260025521DE812790045B638 /* Sources */,
				260025531DE812790045B638 /* Frameworks */,
				260025541DE812790045B638 /* Resources */,
			);
			buildRules = (
			);
			dependencies = (
			);
			name = addSubViewDemo;
			productName = addSubViewDemo;
			productReference = 260025561DE812790045B638 /* addSubViewDemo.app */;
			productType = "com.apple.product-type.application";
		};
		2600256E1DE812790045B638 /* addSubViewDemoTests */ = {
			isa = PBXNativeTarget;
			buildConfigurationList = 260025861DE812790045B638 /* Build configuration list for PBXNativeTarget "addSubViewDemoTests" */;
			buildPhases = (
				2600256B1DE812790045B638 /* Sources */,
				2600256C1DE812790045B638 /* Frameworks */,
				2600256D1DE812790045B638 /* Resources */,
			);
			buildRules = (
			);
			dependencies = (
				260025711DE812790045B638 /* PBXTargetDependency */,
			);
			name = addSubViewDemoTests;
			productName = addSubViewDemoTests;
			productReference = 2600256F1DE812790045B638 /* addSubViewDemoTests.xctest */;
			productType = "com.apple.product-type.bundle.unit-test";
		};
		260025791DE812790045B638 /* addSubViewDemoUITests */ = {
			isa = PBXNativeTarget;
			buildConfigurationList = 260025891DE812790045B638 /* Build configuration list for PBXNativeTarget "addSubViewDemoUITests" */;
			buildPhases = (
				260025761DE812790045B638 /* Sources */,
				260025771DE812790045B638 /* Frameworks */,
				260025781DE812790045B638 /* Resources */,
			);
			buildRules = (
			);
			dependencies = (
				2600257C1DE812790045B638 /* PBXTargetDependency */,
			);
			name = addSubViewDemoUITests;
			productName = addSubViewDemoUITests;
			productReference = 2600257A1DE812790045B638 /* addSubViewDemoUITests.xctest */;
			productType = "com.apple.product-type.bundle.ui-testing";
		};
/* End PBXNativeTarget section */

/* Begin PBXProject section */
		2600254E1DE812790045B638 /* Project object */ = {
			isa = PBXProject;
			attributes = {
				LastUpgradeCheck = 0730;
				ORGANIZATIONNAME = "gzsc-hx";
				TargetAttributes = {
					260025551DE812790045B638 = {
						CreatedOnToolsVersion = 7.3.1;
					};
					2600256E1DE812790045B638 = {
						CreatedOnToolsVersion = 7.3.1;
						TestTargetID = 260025551DE812790045B638;
					};
					260025791DE812790045B638 = {
						CreatedOnToolsVersion = 7.3.1;
						TestTargetID = 260025551DE812790045B638;
					};
				};
			};
			buildConfigurationList = 260025511DE812790045B638 /* Build configuration list for PBXProject "addSubViewDemo" */;
			compatibilityVersion = "Xcode 3.2";
			developmentRegion = English;
			hasScannedForEncodings = 0;
			knownRegions = (
				en,
				Base,
			);
			mainGroup = 2600254D1DE812790045B638;
			productRefGroup = 260025571DE812790045B638 /* Products */;
			projectDirPath = "";
			projectRoot = "";
			targets = (
				260025551DE812790045B638 /* addSubViewDemo */,
				2600256E1DE812790045B638 /* addSubViewDemoTests */,
				260025791DE812790045B638 /* addSubViewDemoUITests */,
			);
		};
/* End PBXProject section */

/* Begin PBXResourcesBuildPhase section */
		260025541DE812790045B638 /* Resources */ = {
			isa = PBXResourcesBuildPhase;
			buildActionMask = 2147483647;
			files = (
				260025691DE812790045B638 /* LaunchScreen.storyboard in Resources */,
				260025661DE812790045B638 /* Assets.xcassets in Resources */,
				260025641DE812790045B638 /* Main.storyboard in Resources */,
			);
			runOnlyForDeploymentPostprocessing = 0;
		};
		2600256D1DE812790045B638 /* Resources */ = {
			isa = PBXResourcesBuildPhase;
			buildActionMask = 2147483647;
			files = (
			);
			runOnlyForDeploymentPostprocessing = 0;
		};
		260025781DE812790045B638 /* Resources */ = {
			isa = PBXResourcesBuildPhase;
			buildActionMask = 2147483647;
			files = (
			);
			runOnlyForDeploymentPostprocessing = 0;
		};
/* End PBXResourcesBuildPhase section */

/* Begin PBXSourcesBuildPhase section */
		260025521DE812790045B638 /* Sources */ = {
			isa = PBXSourcesBuildPhase;
			buildActionMask = 2147483647;
			files = (
				2600259A1DE81DD10045B638 /* belowSubviewVC.m in Sources */,
				260025911DE816ED0045B638 /* AddSubViewVC.m in Sources */,
				260025611DE812790045B638 /* ViewController.m in Sources */,
				260025971DE81D2C0045B638 /* aboveSubviewVC.m in Sources */,
				260025941DE81A070045B638 /* AtIndexViewVC.m in Sources */,
				2600255E1DE812790045B638 /* AppDelegate.m in Sources */,
				2600255B1DE812790045B638 /* main.m in Sources */,
			);
			runOnlyForDeploymentPostprocessing = 0;
		};
		2600256B1DE812790045B638 /* Sources */ = {
			isa = PBXSourcesBuildPhase;
			buildActionMask = 2147483647;
			files = (
				260025741DE812790045B638 /* addSubViewDemoTests.m in Sources */,
			);
			runOnlyForDeploymentPostprocessing = 0;
		};
		260025761DE812790045B638 /* Sources */ = {
			isa = PBXSourcesBuildPhase;
			buildActionMask = 2147483647;
			files = (
				2600257F1DE812790045B638 /* addSubViewDemoUITests.m in Sources */,
			);
			runOnlyForDeploymentPostprocessing = 0;
		};
/* End PBXSourcesBuildPhase section */

/* Begin PBXTargetDependency section */
		260025711DE812790045B638 /* PBXTargetDependency */ = {
			isa = PBXTargetDependency;
			target = 260025551DE812790045B638 /* addSubViewDemo */;
			targetProxy = 260025701DE812790045B638 /* PBXContainerItemProxy */;
		};
		2600257C1DE812790045B638 /* PBXTargetDependency */ = {
			isa = PBXTargetDependency;
			target = 260025551DE812790045B638 /* addSubViewDemo */;
			targetProxy = 2600257B1DE812790045B638 /* PBXContainerItemProxy */;
		};
/* End PBXTargetDependency section */

/* Begin PBXVariantGroup section */
		260025621DE812790045B638 /* Main.storyboard */ = {
			isa = PBXVariantGroup;
			children = (
				260025631DE812790045B638 /* Base */,
			);
			name = Main.storyboard;
			sourceTree = "<group>";
		};
		260025671DE812790045B638 /* LaunchScreen.storyboard */ = {
			isa = PBXVariantGroup;
			children = (
				260025681DE812790045B638 /* Base */,
			);
			name = LaunchScreen.storyboard;
			sourceTree = "<group>";
		};
/* End PBXVariantGroup section */

/* Begin XCBuildConfiguration section */
		260025811DE812790045B638 /* Debug */ = {
			isa = XCBuildConfiguration;
			buildSettings = {
				ALWAYS_SEARCH_USER_PATHS = NO;
				CLANG_ANALYZER_NONNULL = YES;
				CLANG_CXX_LANGUAGE_STANDARD = "gnu++0x";
				CLANG_CXX_LIBRARY = "libc++";
				CLANG_ENABLE_MODULES = YES;
				CLANG_ENABLE_OBJC_ARC = YES;
				CLANG_WARN_BOOL_CONVERSION = YES;
				CLANG_WARN_CONSTANT_CONVERSION = YES;
				CLANG_WARN_DIRECT_OBJC_ISA_USAGE = YES_ERROR;
				CLANG_WARN_EMPTY_BODY = YES;
				CLANG_WARN_ENUM_CONVERSION = YES;
				CLANG_WARN_INT_CONVERSION = YES;
				CLANG_WARN_OBJC_ROOT_CLASS = YES_ERROR;
				CLANG_WARN_UNREACHABLE_CODE = YES;
				CLANG_WARN__DUPLICATE_METHOD_MATCH = YES;
				"CODE_SIGN_IDENTITY[sdk=iphoneos*]" = "iPhone Developer";
				COPY_PHASE_STRIP = NO;
				DEBUG_INFORMATION_FORMAT = dwarf;
				ENABLE_STRICT_OBJC_MSGSEND = YES;
				ENABLE_TESTABILITY = YES;
				GCC_C_LANGUAGE_STANDARD = gnu99;
				GCC_DYNAMIC_NO_PIC = NO;
				GCC_NO_COMMON_BLOCKS = YES;
				GCC_OPTIMIZATION_LEVEL = 0;
				GCC_PREPROCESSOR_DEFINITIONS = (
					"DEBUG=1",
					"$(inherited)",
				);
				GCC_WARN_64_TO_32_BIT_CONVERSION = YES;
				GCC_WARN_ABOUT_RETURN_TYPE = YES_ERROR;
				GCC_WARN_UNDECLARED_SELECTOR = YES;
				GCC_WARN_UNINITIALIZED_AUTOS = YES_AGGRESSIVE;
				GCC_WARN_UNUSED_FUNCTION = YES;
				GCC_WARN_UNUSED_VARIABLE = YES;
				IPHONEOS_DEPLOYMENT_TARGET = 9.3;
				MTL_ENABLE_DEBUG_INFO = YES;
				ONLY_ACTIVE_ARCH = YES;
				SDKROOT = iphoneos;
			};
			name = Debug;
		};
		260025821DE812790045B638 /* Release */ = {
			isa = XCBuildConfiguration;
			buildSettings = {
				ALWAYS_SEARCH_USER_PATHS = NO;
				CLANG_ANALYZER_NONNULL = YES;
				CLANG_CXX_LANGUAGE_STANDARD = "gnu++0x";
				CLANG_CXX_LIBRARY = "libc++";
				CLANG_ENABLE_MODULES = YES;
				CLANG_ENABLE_OBJC_ARC = YES;
				CLANG_WARN_BOOL_CONVERSION = YES;
				CLANG_WARN_CONSTANT_CONVERSION = YES;
				CLANG_WARN_DIRECT_OBJC_ISA_USAGE = YES_ERROR;
				CLANG_WARN_EMPTY_BODY = YES;
				CLANG_WARN_ENUM_CONVERSION = YES;
				CLANG_WARN_INT_CONVERSION = YES;
				CLANG_WARN_OBJC_ROOT_CLASS = YES_ERROR;
				CLANG_WARN_UNREACHABLE_CODE = YES;
				CLANG_WARN__DUPLICATE_METHOD_MATCH = YES;
				"CODE_SIGN_IDENTITY[sdk=iphoneos*]" = "iPhone Developer";
				COPY_PHASE_STRIP = NO;
				DEBUG_INFORMATION_FORMAT = "dwarf-with-dsym";
				ENABLE_NS_ASSERTIONS = NO;
				ENABLE_STRICT_OBJC_MSGSEND = YES;
				GCC_C_LANGUAGE_STANDARD = gnu99;
				GCC_NO_COMMON_BLOCKS = YES;
				GCC_WARN_64_TO_32_BIT_CONVERSION = YES;
				GCC_WARN_ABOUT_RETURN_TYPE = YES_ERROR;
				GCC_WARN_UNDECLARED_SELECTOR = YES;
				GCC_WARN_UNINITIALIZED_AUTOS = YES_AGGRESSIVE;
				GCC_WARN_UNUSED_FUNCTION = YES;
				GCC_WARN_UNUSED_VARIABLE = YES;
				IPHONEOS_DEPLOYMENT_TARGET = 9.3;
				MTL_ENABLE_DEBUG_INFO = NO;
				SDKROOT = iphoneos;
				VALIDATE_PRODUCT = YES;
			};
			name = Release;
		};
		260025841DE812790045B638 /* Debug */ = {
			isa = XCBuildConfiguration;
			buildSettings = {
				ASSETCATALOG_COMPILER_APPICON_NAME = AppIcon;
				INFOPLIST_FILE = addSubViewDemo/Info.plist;
				LD_RUNPATH_SEARCH_PATHS = "$(inherited) @executable_path/Frameworks";
				PRODUCT_BUNDLE_IDENTIFIER = com.gzsc.addSubViewDemo;
				PRODUCT_NAME = "$(TARGET_NAME)";
			};
			name = Debug;
		};
		260025851DE812790045B638 /* Release */ = {
			isa = XCBuildConfiguration;
			buildSettings = {
				ASSETCATALOG_COMPILER_APPICON_NAME = AppIcon;
				INFOPLIST_FILE = addSubViewDemo/Info.plist;
				LD_RUNPATH_SEARCH_PATHS = "$(inherited) @executable_path/Frameworks";
				PRODUCT_BUNDLE_IDENTIFIER = com.gzsc.addSubViewDemo;
				PRODUCT_NAME = "$(TARGET_NAME)";
			};
			name = Release;
		};
		260025871DE812790045B638 /* Debug */ = {
			isa = XCBuildConfiguration;
			buildSettings = {
				BUNDLE_LOADER = "$(TEST_HOST)";
				INFOPLIST_FILE = addSubViewDemoTests/Info.plist;
				LD_RUNPATH_SEARCH_PATHS = "$(inherited) @executable_path/Frameworks @loader_path/Frameworks";
				PRODUCT_BUNDLE_IDENTIFIER = com.gzsc.addSubViewDemoTests;
				PRODUCT_NAME = "$(TARGET_NAME)";
				TEST_HOST = "$(BUILT_PRODUCTS_DIR)/addSubViewDemo.app/addSubViewDemo";
			};
			name = Debug;
		};
		260025881DE812790045B638 /* Release */ = {
			isa = XCBuildConfiguration;
			buildSettings = {
				BUNDLE_LOADER = "$(TEST_HOST)";
				INFOPLIST_FILE = addSubViewDemoTests/Info.plist;
				LD_RUNPATH_SEARCH_PATHS = "$(inherited) @executable_path/Frameworks @loader_path/Frameworks";
				PRODUCT_BUNDLE_IDENTIFIER = com.gzsc.addSubViewDemoTests;
				PRODUCT_NAME = "$(TARGET_NAME)";
				TEST_HOST = "$(BUILT_PRODUCTS_DIR)/addSubViewDemo.app/addSubViewDemo";
			};
			name = Release;
		};
		2600258A1DE812790045B638 /* Debug */ = {
			isa = XCBuildConfiguration;
			buildSettings = {
				INFOPLIST_FILE = addSubViewDemoUITests/Info.plist;
				LD_RUNPATH_SEARCH_PATHS = "$(inherited) @executable_path/Frameworks @loader_path/Frameworks";
				PRODUCT_BUNDLE_IDENTIFIER = com.gzsc.addSubViewDemoUITests;
				PRODUCT_NAME = "$(TARGET_NAME)";
				TEST_TARGET_NAME = addSubViewDemo;
			};
			name = Debug;
		};
		2600258B1DE812790045B638 /* Release */ = {
			isa = XCBuildConfiguration;
			buildSettings = {
				INFOPLIST_FILE = addSubViewDemoUITests/Info.plist;
				LD_RUNPATH_SEARCH_PATHS = "$(inherited) @executable_path/Frameworks @loader_path/Frameworks";
				PRODUCT_BUNDLE_IDENTIFIER = com.gzsc.addSubViewDemoUITests;
				PRODUCT_NAME = "$(TARGET_NAME)";
				TEST_TARGET_NAME = addSubViewDemo;
			};
			name = Release;
		};
/* End XCBuildConfiguration section */

/* Begin XCConfigurationList section */
		260025511DE812790045B638 /* Build configuration list for PBXProject "addSubViewDemo" */ = {
			isa = XCConfigurationList;
			buildConfigurations = (
				260025811DE812790045B638 /* Debug */,
				260025821DE812790045B638 /* Release */,
			);
			defaultConfigurationIsVisible = 0;
			defaultConfigurationName = Release;
		};
		260025831DE812790045B638 /* Build configuration list for PBXNativeTarget "addSubViewDemo" */ = {
			isa = XCConfigurationList;
			buildConfigurations = (
				260025841DE812790045B638 /* Debug */,
				260025851DE812790045B638 /* Release */,
			);
			defaultConfigurationIsVisible = 0;
		};
		260025861DE812790045B638 /* Build configuration list for PBXNativeTarget "addSubViewDemoTests" */ = {
			isa = XCConfigurationList;
			buildConfigurations = (
				260025871DE812790045B638 /* Debug */,
				260025881DE812790045B638 /* Release */,
			);
			defaultConfigurationIsVisible = 0;
		};
		260025891DE812790045B638 /* Build configuration list for PBXNativeTarget "addSubViewDemoUITests" */ = {
			isa = XCConfigurationList;
			buildConfigurations = (
				2600258A1DE812790045B638 /* Debug */,
				2600258B1DE812790045B638 /* Release */,
			);
			defaultConfigurationIsVisible = 0;
		};
/* End XCConfigurationList section */
	};
	rootObject = 2600254E1DE812790045B638 /* Project object */;
}
